
Microsoft Visual Studio Solution File, Format Version 12.00
# Visual Studio 15
VisualStudioVersion = 15.0.26430.13
MinimumVisualStudioVersion = 10.0.40219.1
Project("{FAE04EC0-301F-11D3-BF4B-00C04F79EFBC}") = "HoloCaption-Peter", "HoloCaption-Peter\HoloCaption-Peter.csproj", "{13A45C13-3265-47B8-BC48-A553B569DF55}"
EndProject
Project("{FAE04EC0-301F-11D3-BF4B-00C04F79EFBC}") = "Assembly-CSharp", "C:\Users\peter\Documents\HoloCaptions-Peter\HoloCaption-Peter\WindowsStoreApp\GeneratedProjects\UWP\Assembly-CSharp\Assembly-CSharp.csproj", "{8B283392-FD90-4E9B-A0B2-E1F3277C4B61}"
EndProject
Project("{FAE04EC0-301F-11D3-BF4B-00C04F79EFBC}") = "Assembly-CSharp-firstpass", "C:\Users\peter\Documents\HoloCaptions-Peter\HoloCaption-Peter\WindowsStoreApp\GeneratedProjects\UWP\Assembly-CSharp-firstpass\Assembly-CSharp-firstpass.csproj", "{028386A5-307A-4E08-93A1-9ADE701DAB4A}"
EndProject
Global
	GlobalSection(SolutionConfigurationPlatforms) = preSolution
		Debug|ARM = Debug|ARM
		Debug|x64 = Debug|x64
		Debug|x86 = Debug|x86
		Master|ARM = Master|ARM
		Master|x64 = Master|x64
		Master|x86 = Master|x86
		Release|ARM = Release|ARM
		Release|x64 = Release|x64
		Release|x86 = Release|x86
	EndGlobalSection
	GlobalSection(ProjectConfigurationPlatforms) = postSolution
		{13A45C13-3265-47B8-BC48-A553B569DF55}.Debug|ARM.ActiveCfg = Debug|ARM
		{13A45C13-3265-47B8-BC48-A553B569DF55}.Debug|ARM.Build.0 = Debug|ARM
		{13A45C13-3265-47B8-BC48-A553B569DF55}.Debug|ARM.Deploy.0 = Debug|ARM
		{13A45C13-3265-47B8-BC48-A553B569DF55}.Debug|x64.ActiveCfg = Debug|x64
		{13A45C13-3265-47B8-BC48-A553B569DF55}.Debug|x64.Build.0 = Debug|x64
		{13A45C13-3265-47B8-BC48-A553B569DF55}.Debug|x64.Deploy.0 = Debug|x64
		{13A45C13-3265-47B8-BC48-A553B569DF55}.Debug|x86.ActiveCfg = Debug|x86
		{13A45C13-3265-47B8-BC48-A553B569DF55}.Debug|x86.Build.0 = Debug|x86
		{13A45C13-3265-47B8-BC48-A553B569DF55}.Debug|x86.Deploy.0 = Debug|x86
		{13A45C13-3265-47B8-BC48-A553B569DF55}.Master|ARM.ActiveCfg = Master|ARM
		{13A45C13-3265-47B8-BC48-A553B569DF55}.Master|ARM.Build.0 = Master|ARM
		{13A45C13-3265-47B8-BC48-A553B569DF55}.Master|ARM.Deploy.0 = Master|ARM
		{13A45C13-3265-47B8-BC48-A553B569DF55}.Master|x64.ActiveCfg = Master|x64
		{13A45C13-3265-47B8-BC48-A553B569DF55}.Master|x64.Build.0 = Master|x64
		{13A45C13-3265-47B8-BC48-A553B569DF55}.Master|x64.Deploy.0 = Master|x64
		{13A45C13-3265-47B8-BC48-A553B569DF55}.Master|x86.ActiveCfg = Master|x86
		{13A45C13-3265-47B8-BC48-A553B569DF55}.Master|x86.Build.0 = Master|x86
		{13A45C13-3265-47B8-BC48-A553B569DF55}.Master|x86.Deploy.0 = Master|x86
		{13A45C13-3265-47B8-BC48-A553B569DF55}.Release|ARM.ActiveCfg = Release|ARM
		{13A45C13-3265-47B8-BC48-A553B569DF55}.Release|ARM.Build.0 = Release|ARM
		{13A45C13-3265-47B8-BC48-A553B569DF55}.Release|ARM.Deploy.0 = Release|ARM
		{13A45C13-3265-47B8-BC48-A553B569DF55}.Release|x64.ActiveCfg = Release|x64
		{13A45C13-3265-47B8-BC48-A553B569DF55}.Release|x64.Build.0 = Release|x64
		{13A45C13-3265-47B8-BC48-A553B569DF55}.Release|x64.Deploy.0 = Release|x64
		{13A45C13-3265-47B8-BC48-A553B569DF55}.Release|x86.ActiveCfg = Release|x86
		{13A45C13-3265-47B8-BC48-A553B569DF55}.Release|x86.Build.0 = Release|x86
		{13A45C13-3265-47B8-BC48-A553B569DF55}.Release|x86.Deploy.0 = Release|x86
		{8B283392-FD90-4E9B-A0B2-E1F3277C4B61}.Debug|ARM.ActiveCfg = Debug|ARM
		{8B283392-FD90-4E9B-A0B2-E1F3277C4B61}.Debug|ARM.Build.0 = Debug|ARM
		{8B283392-FD90-4E9B-A0B2-E1F3277C4B61}.Debug|x64.ActiveCfg = Debug|x64
		{8B283392-FD90-4E9B-A0B2-E1F3277C4B61}.Debug|x64.Build.0 = Debug|x64
		{8B283392-FD90-4E9B-A0B2-E1F3277C4B61}.Debug|x86.ActiveCfg = Debug|x86
		{8B283392-FD90-4E9B-A0B2-E1F3277C4B61}.Debug|x86.Build.0 = Debug|x86
		{8B283392-FD90-4E9B-A0B2-E1F3277C4B61}.Master|ARM.ActiveCfg = Master|ARM
		{8B283392-FD90-4E9B-A0B2-E1F3277C4B61}.Master|ARM.Build.0 = Master|ARM
		{8B283392-FD90-4E9B-A0B2-E1F3277C4B61}.Master|x64.ActiveCfg = Master|x64
		{8B283392-FD90-4E9B-A0B2-E1F3277C4B61}.Master|x64.Build.0 = Master|x64
		{8B283392-FD90-4E9B-A0B2-E1F3277C4B61}.Master|x86.ActiveCfg = Master|x86
		{8B283392-FD90-4E9B-A0B2-E1F3277C4B61}.Master|x86.Build.0 = Master|x86
		{8B283392-FD90-4E9B-A0B2-E1F3277C4B61}.Release|ARM.ActiveCfg = Release|ARM
		{8B283392-FD90-4E9B-A0B2-E1F3277C4B61}.Release|ARM.Build.0 = Release|ARM
		{8B283392-FD90-4E9B-A0B2-E1F3277C4B61}.Release|x64.ActiveCfg = Release|x64
		{8B283392-FD90-4E9B-A0B2-E1F3277C4B61}.Release|x64.Build.0 = Release|x64
		{8B283392-FD90-4E9B-A0B2-E1F3277C4B61}.Release|x86.ActiveCfg = Release|x86
		{8B283392-FD90-4E9B-A0B2-E1F3277C4B61}.Release|x86.Build.0 = Release|x86
		{028386A5-307A-4E08-93A1-9ADE701DAB4A}.Debug|ARM.ActiveCfg = Debug|ARM
		{028386A5-307A-4E08-93A1-9ADE701DAB4A}.Debug|ARM.Build.0 = Debug|ARM
		{028386A5-307A-4E08-93A1-9ADE701DAB4A}.Debug|x64.ActiveCfg = Debug|x64
		{028386A5-307A-4E08-93A1-9ADE701DAB4A}.Debug|x64.Build.0 = Debug|x64
		{028386A5-307A-4E08-93A1-9ADE701DAB4A}.Debug|x86.ActiveCfg = Debug|x86
		{028386A5-307A-4E08-93A1-9ADE701DAB4A}.Debug|x86.Build.0 = Debug|x86
		{028386A5-307A-4E08-93A1-9ADE701DAB4A}.Master|ARM.ActiveCfg = Master|ARM
		{028386A5-307A-4E08-93A1-9ADE701DAB4A}.Master|ARM.Build.0 = Master|ARM
		{028386A5-307A-4E08-93A1-9ADE701DAB4A}.Master|x64.ActiveCfg = Master|x64
		{028386A5-307A-4E08-93A1-9ADE701DAB4A}.Master|x64.Build.0 = Master|x64
		{028386A5-307A-4E08-93A1-9ADE701DAB4A}.Master|x86.ActiveCfg = Master|x86
		{028386A5-307A-4E08-93A1-9ADE701DAB4A}.Master|x86.Build.0 = Master|x86
		{028386A5-307A-4E08-93A1-9ADE701DAB4A}.Release|ARM.ActiveCfg = Release|ARM
		{028386A5-307A-4E08-93A1-9ADE701DAB4A}.Release|ARM.Build.0 = Release|ARM
		{028386A5-307A-4E08-93A1-9ADE701DAB4A}.Release|x64.ActiveCfg = Release|x64
		{028386A5-307A-4E08-93A1-9ADE701DAB4A}.Release|x64.Build.0 = Release|x64
		{028386A5-307A-4E08-93A1-9ADE701DAB4A}.Release|x86.ActiveCfg = Release|x86
		{028386A5-307A-4E08-93A1-9ADE701DAB4A}.Release|x86.Build.0 = Release|x86
	EndGlobalSection
	GlobalSection(SolutionProperties) = preSolution
		HideSolutionNode = FALSE
	EndGlobalSection
EndGlobal
